{
  "name": "typescritp-demo-1",
  "version": "1.0.0",
  "lockfileVersion": 3,
  "requires": true,
  "packages": {
    "": {
      "name": "typescritp-demo-1",
      "version": "1.0.0",
      "license": "ISC",
      "dependencies": {
        "really-relaxed-json": "^0.3.2",
        "reflect-metadata": "^0.2.2"
      }
    },
    "node_modules/really-relaxed-json": {
      "version": "0.3.2",
      "resolved": "https://registry.npmjs.org/really-relaxed-json/-/really-relaxed-json-0.3.2.tgz",
      "integrity": "sha512-dWDnjzCnOyjfY26IHMEomqE5D3btCs5D7I8iSAeqPs+Jxm1m6W/jwn0cxlXW8u24RD29bi5llLOEVN87JUrqag==",
      "license": "MIT"
    },
    "node_modules/reflect-metadata": {
      "version": "0.2.2",
      "resolved": "https://registry.npmjs.org/reflect-metadata/-/reflect-metadata-0.2.2.tgz",
      "integrity": "sha512-urBwgfrvVP/eAyXx4hluJivBKzuEbSQs9rKWCrCkbSxNv8mxPcUZKeuoF3Uy4mJl3Lwprp6yy5/39VWigZ4K6Q==",
      "license": "Apache-2.0"
    }
  }
}
